
Microsoft Visual Studio Solution File, Format Version 12.00
# Visual Studio Version 17
VisualStudioVersion = 17.5.33530.505
MinimumVisualStudioVersion = 10.0.40219.1
Project("{8BC9CEB8-8B4A-11D0-8D11-00A0C91BC942}") = "MT3_1_1_Normal", "MT3_1_1_Normal.vcxproj", "{1B2FDEFB-56A8-4EAF-AA3E-BA86899943F3}"
EndProject
Global
	GlobalSection(SolutionConfigurationPlatforms) = preSolution
		Debug|x64 = Debug|x64
		Release|x64 = Release|x64
	EndGlobalSection
	GlobalSection(ProjectConfigurationPlatforms) = postSolution
		{1B2FDEFB-56A8-4EAF-AA3E-BA86899943F3}.Debug|x64.ActiveCfg = Debug|x64
		{1B2FDEFB-56A8-4EAF-AA3E-BA86899943F3}.Debug|x64.Build.0 = Debug|x64
		{1B2FDEFB-56A8-4EAF-AA3E-BA86899943F3}.Release|x64.ActiveCfg = Release|x64
		{1B2FDEFB-56A8-4EAF-AA3E-BA86899943F3}.Release|x64.Build.0 = Release|x64
	EndGlobalSection
	GlobalSection(SolutionProperties) = preSolution
		HideSolutionNode = FALSE
	EndGlobalSection
	GlobalSection(ExtensibilityGlobals) = postSolution
		SolutionGuid = {FA90F0B4-128A-497F-B6D7-C2C5DBB54ABD}
	EndGlobalSection
EndGlobal
